
Microsoft Visual Studio Solution File, Format Version 12.00
# Visual Studio Version 17
VisualStudioVersion = 17.0.31919.166
MinimumVisualStudioVersion = 10.0.40219.1
Project("{FAE04EC0-301F-11D3-BF4B-00C04F79EFBC}") = "pry20220181-rest-api", "pry20220181-rest-api\pry20220181-rest-api.csproj", "{213E0BDF-9C6D-4C7F-A865-06D6E812E58E}"
EndProject
Global
	GlobalSection(SolutionConfigurationPlatforms) = preSolution
		Debug|Any CPU = Debug|Any CPU
		Release|Any CPU = Release|Any CPU
	EndGlobalSection
	GlobalSection(ProjectConfigurationPlatforms) = postSolution
		{213E0BDF-9C6D-4C7F-A865-06D6E812E58E}.Debug|Any CPU.ActiveCfg = Debug|Any CPU
		{213E0BDF-9C6D-4C7F-A865-06D6E812E58E}.Debug|Any CPU.Build.0 = Debug|Any CPU
		{213E0BDF-9C6D-4C7F-A865-06D6E812E58E}.Release|Any CPU.ActiveCfg = Release|Any CPU
		{213E0BDF-9C6D-4C7F-A865-06D6E812E58E}.Release|Any CPU.Build.0 = Release|Any CPU
	EndGlobalSection
	GlobalSection(SolutionProperties) = preSolution
		HideSolutionNode = FALSE
	EndGlobalSection
	GlobalSection(ExtensibilityGlobals) = postSolution
		SolutionGuid = {1FE6406C-62D8-478B-9302-928E4B3BE6F0}
	EndGlobalSection
EndGlobal
